# Exact runtime dependency set for supported Python 3.12/3.13.
annotated-types==0.7.0
anyio==4.14.2
beautifulsoup4==4.15.0
certifi==2026.6.17
feedparser==6.0.12
h11==0.16.0
httpcore==1.0.9
httpx==0.28.1
idna==3.18
pydantic==2.13.4
pydantic_core==2.46.4
PyYAML==6.0.3
setuptools==80.9.0
sgmllib3k==1.0.0
soupsieve==2.8.4
typing-inspection==0.4.2
typing_extensions==4.16.0
